
Microsoft Visual Studio Solution File, Format Version 10.00
# Visual Studio 2008
Project("{FAE04EC0-301F-11D3-BF4B-00C04F79EFBC}") = "console_app", "console_app.csproj", "{8BEE9BA2-1C6D-46A9-880F-DC6EF5EFD452}"
EndProject
Global
	GlobalSection(SolutionConfigurationPlatforms) = preSolution
		Debug|Any CPU = Debug|Any CPU
		Release|Any CPU = Release|Any CPU
	EndGlobalSection
	GlobalSection(ProjectConfigurationPlatforms) = postSolution
		{8BEE9BA2-1C6D-46A9-880F-DC6EF5EFD452}.Debug|Any CPU.ActiveCfg = Debug|Any CPU
		{8BEE9BA2-1C6D-46A9-880F-DC6EF5EFD452}.Debug|Any CPU.Build.0 = Debug|Any CPU
		{8BEE9BA2-1C6D-46A9-880F-DC6EF5EFD452}.Release|Any CPU.ActiveCfg = Release|Any CPU
		{8BEE9BA2-1C6D-46A9-880F-DC6EF5EFD452}.Release|Any CPU.Build.0 = Release|Any CPU
	EndGlobalSection
	GlobalSection(SolutionProperties) = preSolution
		HideSolutionNode = FALSE
	EndGlobalSection
EndGlobal
